{
  "nodes": {
    "nixpkgs": {
      "locked": {
        "lastModified": 1737934832,
        "narHash": "sha256-0nbXxKbUB9OyhoMeDd3/07R/i4JAdmbEha3gLAjnIdo=",
        "owner": "NixOS",
        "repo": "nixpkgs",
        "rev": "b2fd1d103d4b06efb209b48cf671f5b44174b9f8",
        "type": "github"
      },
      "original": {
        "owner": "NixOS",
        "repo": "nixpkgs",
        "type": "github"
      }
    },
    "root": {
      "inputs": {
        "nixpkgs": "nixpkgs"
      }
    }
  },
  "root": "root",
  "version": 7
}
