{
  "nodes": {
    "nixpkgs": {
      "locked": {
        "lastModified": 1736599047,
        "narHash": "sha256-TtSPvVXKQLn+bQb6rWb9c32b4KWZovbBO5bUHNO37yA=",
        "owner": "NixOS",
        "repo": "nixpkgs",
        "rev": "48d5c5fec28f21dd4c49c47d4cf90790d5cee6df",
        "type": "github"
      },
      "original": {
        "owner": "NixOS",
        "repo": "nixpkgs",
        "type": "github"
      }
    },
    "root": {
      "inputs": {
        "nixpkgs": "nixpkgs"
      }
    }
  },
  "root": "root",
  "version": 7
}
