{
  "nodes": {
    "nixpkgs": {
      "locked": {
        "lastModified": 1755589735,
        "narHash": "sha256-Klh2WU/TtabuYUHCVgVjXymEeEQxc2EGRri/pNAtgeI=",
        "owner": "NixOS",
        "repo": "nixpkgs",
        "rev": "dbee03f0e80774ecfd77e0c269edbab4eb23d378",
        "type": "github"
      },
      "original": {
        "owner": "NixOS",
        "repo": "nixpkgs",
        "type": "github"
      }
    },
    "root": {
      "inputs": {
        "nixpkgs": "nixpkgs"
      }
    }
  },
  "root": "root",
  "version": 7
}
